
Microsoft Visual Studio Solution File, Format Version 12.00
# Visual Studio Version 16
VisualStudioVersion = 16.0.30503.244
MinimumVisualStudioVersion = 10.0.40219.1
Project("{9A19103F-16F7-4668-BE54-9A1E7A4F7556}") = "PSTimeTracker", "PsTimeTracker\PSTimeTracker.csproj", "{487CBB05-3E68-48BB-B7A0-EE1174E32C66}"
EndProject
Project("{9A19103F-16F7-4668-BE54-9A1E7A4F7556}") = "FileIO", "..\..\Library\Mortuus.IO\FileIO\FileIO.csproj", "{74B5FA13-30B7-4B24-A72C-AD98CAB6497E}"
EndProject
Global
	GlobalSection(SolutionConfigurationPlatforms) = preSolution
		Debug|Any CPU = Debug|Any CPU
		Release|Any CPU = Release|Any CPU
	EndGlobalSection
	GlobalSection(ProjectConfigurationPlatforms) = postSolution
		{487CBB05-3E68-48BB-B7A0-EE1174E32C66}.Debug|Any CPU.ActiveCfg = Debug|Any CPU
		{487CBB05-3E68-48BB-B7A0-EE1174E32C66}.Debug|Any CPU.Build.0 = Debug|Any CPU
		{487CBB05-3E68-48BB-B7A0-EE1174E32C66}.Release|Any CPU.ActiveCfg = Release|Any CPU
		{487CBB05-3E68-48BB-B7A0-EE1174E32C66}.Release|Any CPU.Build.0 = Release|Any CPU
		{74B5FA13-30B7-4B24-A72C-AD98CAB6497E}.Debug|Any CPU.ActiveCfg = Debug|Any CPU
		{74B5FA13-30B7-4B24-A72C-AD98CAB6497E}.Debug|Any CPU.Build.0 = Debug|Any CPU
		{74B5FA13-30B7-4B24-A72C-AD98CAB6497E}.Release|Any CPU.ActiveCfg = Release|Any CPU
		{74B5FA13-30B7-4B24-A72C-AD98CAB6497E}.Release|Any CPU.Build.0 = Release|Any CPU
	EndGlobalSection
	GlobalSection(SolutionProperties) = preSolution
		HideSolutionNode = FALSE
	EndGlobalSection
	GlobalSection(ExtensibilityGlobals) = postSolution
		SolutionGuid = {7D168A8D-18BA-4DCF-81D5-DEBEB5287509}
	EndGlobalSection
EndGlobal
